{
  "name": "entviz-monorepo",
  "lockfileVersion": 3,
  "requires": true,
  "packages": {
    "": {
      "name": "entviz-monorepo",
      "license": "Apache-2.0",
      "workspaces": [
        "packages/core",
        "packages/react"
      ]
    },
    "node_modules/@entviz/core": {
      "resolved": "packages/core",
      "link": true
    },
    "node_modules/@entviz/react": {
      "resolved": "packages/react",
      "link": true
    },
    "node_modules/react": {
      "version": "19.2.7",
      "resolved": "https://registry.npmjs.org/react/-/react-19.2.7.tgz",
      "integrity": "sha512-HNe9WslTbXmFK8o8cmwgAeJFSBvt1bPdHCVKtaaV+WlAN36mpT4hcRpwbf3fY56ar2oIXzsBpOAiIRHAdY0OlQ==",
      "dev": true,
      "license": "MIT",
      "engines": {
        "node": ">=0.10.0"
      }
    },
    "node_modules/react-dom": {
      "version": "19.2.7",
      "resolved": "https://registry.npmjs.org/react-dom/-/react-dom-19.2.7.tgz",
      "integrity": "sha512-t0BRVXvbiE/o20Hfw669rLbMCDWtYZLvmJigy2f0MxsXF+71pxhR3xOkspmsO8h3ZlNzyibAmtCa3l4lYKk6gQ==",
      "dev": true,
      "license": "MIT",
      "dependencies": {
        "scheduler": "^0.27.0"
      },
      "peerDependencies": {
        "react": "^19.2.7"
      }
    },
    "node_modules/scheduler": {
      "version": "0.27.0",
      "resolved": "https://registry.npmjs.org/scheduler/-/scheduler-0.27.0.tgz",
      "integrity": "sha512-eNv+WrVbKu1f3vbYJT/xtiF5syA5HPIMtf9IgY/nKg0sWqzAUEvqY/xm7OcZc/qafLx/iO9FgOmeSAp4v5ti/Q==",
      "dev": true,
      "license": "MIT"
    },
    "packages/core": {
      "name": "@entviz/core",
      "version": "0.10.0",
      "license": "Apache-2.0",
      "bin": {
        "entviz-conformance": "src/cli.ts"
      },
      "engines": {
        "node": ">=22.6"
      }
    },
    "packages/react": {
      "name": "@entviz/react",
      "version": "0.10.0",
      "license": "Apache-2.0",
      "dependencies": {
        "@entviz/core": "0.10.0"
      },
      "devDependencies": {
        "react": "^19.0.0",
        "react-dom": "^19.0.0"
      },
      "engines": {
        "node": ">=22.6"
      },
      "peerDependencies": {
        "react": ">=17"
      }
    }
  }
}
