{
  "name": "entviz-monorepo",
  "lockfileVersion": 3,
  "requires": true,
  "packages": {
    "": {
      "name": "entviz-monorepo",
      "license": "Apache-2.0",
      "workspaces": [
        "packages/core",
        "packages/react"
      ]
    },
    "node_modules/@entviz/core": {
      "resolved": "packages/core",
      "link": true
    },
    "node_modules/@entviz/react": {
      "resolved": "packages/react",
      "link": true
    },
    "node_modules/react": {
      "version": "19.2.7",
      "resolved": "https://registry.npmjs.org/react/-/react-19.2.7.tgz",
      "integrity": "sha512-HNe9WslTbXmFK8o8cmwgAeJFSBvt1bPdHCVKtaaV+WlAN36mpT4hcRpwbf3fY56ar2oIXzsBpOAiIRHAdY0OlQ==",
      "license": "MIT",
      "peer": true,
      "engines": {
        "node": ">=0.10.0"
      }
    },
    "packages/core": {
      "name": "@entviz/core",
      "version": "0.1.0",
      "license": "Apache-2.0",
      "bin": {
        "entviz-conformance": "src/cli.ts"
      },
      "engines": {
        "node": ">=22.6"
      }
    },
    "packages/react": {
      "name": "@entviz/react",
      "version": "0.1.0",
      "license": "Apache-2.0",
      "dependencies": {
        "@entviz/core": "0.1.0"
      },
      "engines": {
        "node": ">=22.6"
      },
      "peerDependencies": {
        "react": ">=17"
      }
    }
  }
}
